
Microsoft Visual Studio Solution File, Format Version 12.00
# Visual Studio Version 17
VisualStudioVersion = 17.1.32319.34
MinimumVisualStudioVersion = 10.0.40219.1
Project("{FAE04EC0-301F-11D3-BF4B-00C04F79EFBC}") = "DatiEAlgoritmi5", "DatiEAlgoritmi5\DatiEAlgoritmi5.csproj", "{FBDF20F5-052A-4355-849B-3F27F3BB2EE9}"
EndProject
Global
	GlobalSection(SolutionConfigurationPlatforms) = preSolution
		Debug|Any CPU = Debug|Any CPU
		Release|Any CPU = Release|Any CPU
	EndGlobalSection
	GlobalSection(ProjectConfigurationPlatforms) = postSolution
		{FBDF20F5-052A-4355-849B-3F27F3BB2EE9}.Debug|Any CPU.ActiveCfg = Debug|Any CPU
		{FBDF20F5-052A-4355-849B-3F27F3BB2EE9}.Debug|Any CPU.Build.0 = Debug|Any CPU
		{FBDF20F5-052A-4355-849B-3F27F3BB2EE9}.Release|Any CPU.ActiveCfg = Release|Any CPU
		{FBDF20F5-052A-4355-849B-3F27F3BB2EE9}.Release|Any CPU.Build.0 = Release|Any CPU
	EndGlobalSection
	GlobalSection(SolutionProperties) = preSolution
		HideSolutionNode = FALSE
	EndGlobalSection
	GlobalSection(ExtensibilityGlobals) = postSolution
		SolutionGuid = {1ACDB259-2E28-4244-AC04-2B0B8FD59155}
	EndGlobalSection
EndGlobal
